
Microsoft Visual Studio Solution File, Format Version 12.00
# Visual Studio 14
VisualStudioVersion = 14.0.24720.0
MinimumVisualStudioVersion = 10.0.40219.1
Project("{FAE04EC0-301F-11D3-BF4B-00C04F79EFBC}") = "CitizenSC.DeviceSimulator", "CitizenSC.DeviceSimulator\CitizenSC.DeviceSimulator.csproj", "{D8CD1AAC-0B82-460F-BEF7-FDB6412E039E}"
EndProject
Project("{FAE04EC0-301F-11D3-BF4B-00C04F79EFBC}") = "CitizenSC.EventHub", "CitizenSC.EventHub\CitizenSC.EventHub.csproj", "{05853717-B918-4BE9-BEDD-BEC711B85563}"
EndProject
Project("{FAE04EC0-301F-11D3-BF4B-00C04F79EFBC}") = "CitizenSC.Common", "CitizenSC.Common\CitizenSC.Common.csproj", "{2AF64C72-6DF4-4FEA-BB0A-74DA03CBEE19}"
EndProject
Project("{FAE04EC0-301F-11D3-BF4B-00C04F79EFBC}") = "CitizenSC.EventHubListener", "CitizenSC.EventHubListener\CitizenSC.EventHubListener.csproj", "{97D84C01-393B-4573-B7AD-2FDDE15B76D5}"
EndProject
Project("{FAE04EC0-301F-11D3-BF4B-00C04F79EFBC}") = "CitizenSC.Model", "CitizenSC.Model\CitizenSC.Model.csproj", "{CB286087-25CF-49BB-AAF3-CD38CE0BDBEC}"
EndProject
Project("{FAE04EC0-301F-11D3-BF4B-00C04F79EFBC}") = "CitizenSC.CreateDeviceIdentity", "CitizenSC.CreateDeviceIdentity\CitizenSC.CreateDeviceIdentity.csproj", "{E6119DB4-E761-433C-A9D6-5F9ED7E5B8B2}"
EndProject
Project("{2150E333-8FDC-42A3-9474-1A3956D46DE8}") = "Shared", "Shared", "{401403B6-B263-4E25-8E8A-57F9B8848C0C}"
	ProjectSection(SolutionItems) = preProject
		App.config = App.config
	EndProjectSection
EndProject
Project("{FAE04EC0-301F-11D3-BF4B-00C04F79EFBC}") = "CitizenSC.WPF", "CitizenSC.WPF\CitizenSC.WPF.csproj", "{5B670BB2-17F9-4561-8851-328498858A99}"
EndProject
Global
	GlobalSection(SolutionConfigurationPlatforms) = preSolution
		Debug|Any CPU = Debug|Any CPU
		Release|Any CPU = Release|Any CPU
	EndGlobalSection
	GlobalSection(ProjectConfigurationPlatforms) = postSolution
		{D8CD1AAC-0B82-460F-BEF7-FDB6412E039E}.Debug|Any CPU.ActiveCfg = Debug|Any CPU
		{D8CD1AAC-0B82-460F-BEF7-FDB6412E039E}.Debug|Any CPU.Build.0 = Debug|Any CPU
		{D8CD1AAC-0B82-460F-BEF7-FDB6412E039E}.Release|Any CPU.ActiveCfg = Release|Any CPU
		{D8CD1AAC-0B82-460F-BEF7-FDB6412E039E}.Release|Any CPU.Build.0 = Release|Any CPU
		{05853717-B918-4BE9-BEDD-BEC711B85563}.Debug|Any CPU.ActiveCfg = Debug|Any CPU
		{05853717-B918-4BE9-BEDD-BEC711B85563}.Debug|Any CPU.Build.0 = Debug|Any CPU
		{05853717-B918-4BE9-BEDD-BEC711B85563}.Release|Any CPU.ActiveCfg = Release|Any CPU
		{05853717-B918-4BE9-BEDD-BEC711B85563}.Release|Any CPU.Build.0 = Release|Any CPU
		{2AF64C72-6DF4-4FEA-BB0A-74DA03CBEE19}.Debug|Any CPU.ActiveCfg = Debug|Any CPU
		{2AF64C72-6DF4-4FEA-BB0A-74DA03CBEE19}.Debug|Any CPU.Build.0 = Debug|Any CPU
		{2AF64C72-6DF4-4FEA-BB0A-74DA03CBEE19}.Release|Any CPU.ActiveCfg = Release|Any CPU
		{2AF64C72-6DF4-4FEA-BB0A-74DA03CBEE19}.Release|Any CPU.Build.0 = Release|Any CPU
		{97D84C01-393B-4573-B7AD-2FDDE15B76D5}.Debug|Any CPU.ActiveCfg = Debug|Any CPU
		{97D84C01-393B-4573-B7AD-2FDDE15B76D5}.Debug|Any CPU.Build.0 = Debug|Any CPU
		{97D84C01-393B-4573-B7AD-2FDDE15B76D5}.Release|Any CPU.ActiveCfg = Release|Any CPU
		{97D84C01-393B-4573-B7AD-2FDDE15B76D5}.Release|Any CPU.Build.0 = Release|Any CPU
		{CB286087-25CF-49BB-AAF3-CD38CE0BDBEC}.Debug|Any CPU.ActiveCfg = Debug|Any CPU
		{CB286087-25CF-49BB-AAF3-CD38CE0BDBEC}.Debug|Any CPU.Build.0 = Debug|Any CPU
		{CB286087-25CF-49BB-AAF3-CD38CE0BDBEC}.Release|Any CPU.ActiveCfg = Release|Any CPU
		{CB286087-25CF-49BB-AAF3-CD38CE0BDBEC}.Release|Any CPU.Build.0 = Release|Any CPU
		{E6119DB4-E761-433C-A9D6-5F9ED7E5B8B2}.Debug|Any CPU.ActiveCfg = Debug|Any CPU
		{E6119DB4-E761-433C-A9D6-5F9ED7E5B8B2}.Debug|Any CPU.Build.0 = Debug|Any CPU
		{E6119DB4-E761-433C-A9D6-5F9ED7E5B8B2}.Release|Any CPU.ActiveCfg = Release|Any CPU
		{E6119DB4-E761-433C-A9D6-5F9ED7E5B8B2}.Release|Any CPU.Build.0 = Release|Any CPU
		{5B670BB2-17F9-4561-8851-328498858A99}.Debug|Any CPU.ActiveCfg = Debug|Any CPU
		{5B670BB2-17F9-4561-8851-328498858A99}.Debug|Any CPU.Build.0 = Debug|Any CPU
		{5B670BB2-17F9-4561-8851-328498858A99}.Release|Any CPU.ActiveCfg = Release|Any CPU
		{5B670BB2-17F9-4561-8851-328498858A99}.Release|Any CPU.Build.0 = Release|Any CPU
	EndGlobalSection
	GlobalSection(SolutionProperties) = preSolution
		HideSolutionNode = FALSE
	EndGlobalSection
EndGlobal
